Microsoft Visual Studio Solution File, Format Version 12.00
# Visual Studio Version 17
VisualStudioVersion = 17.4.33213.308
MinimumVisualStudioVersion = 10.0.40219.1
Project("{9A19103F-16F7-4668-BE54-9A1E7A4F7556}") = "ProductApi", "ProductApi\ProductApi.csproj", "{1AB07F84-B486-4705-9F0B-425D2EE530E8}"
EndProject
Project("{9A19103F-16F7-4668-BE54-9A1E7A4F7556}") = "OrderApi", "OrderApi\OrderApi.csproj", "{559DB926-84A6-4388-A849-138C85B00412}"
EndProject
Project("{E53339B2-1760-4266-BCC7-CA923CBCF16C}") = "docker-compose", "docker-compose.dcproj", "{ED48C062-F327-42CB-9F74-DD59EB01FE54}"
EndProject
Project("{9A19103F-16F7-4668-BE54-9A1E7A4F7556}") = "SharedModels", "SharedModels\SharedModels.csproj", "{218F617D-B040-4527-BDC1-254B68CE17D4}"
EndProject
Project("{9A19103F-16F7-4668-BE54-9A1E7A4F7556}") = "CustomerApi", "CustomerApi\CustomerApi.csproj", "{913FAC46-6411-43DA-9420-4D7E3D76E1FC}"
EndProject
Project("{2150E333-8FDC-42A3-9474-1A3956D46DE8}") = "rabbit", "rabbit", "{ECB52180-412E-44AA-9ECB-4869554C1E73}"
	ProjectSection(SolutionItems) = preProject
		..\..\..\..\Downloads\definitions.json = ..\..\..\..\Downloads\definitions.json
		rabbit\Dockerfile = rabbit\Dockerfile
	EndProjectSection
EndProject
Project("{2150E333-8FDC-42A3-9474-1A3956D46DE8}") = "Kubernetes", "Kubernetes", "{C127E5BB-8E00-41AD-AA83-AF875A2E119D}"
	ProjectSection(SolutionItems) = preProject
		kubernetes\customerapi.yml = kubernetes\customerapi.yml
		dashboard-adminuser.yaml = dashboard-adminuser.yaml
		kubernetes\orderapi.yml = kubernetes\orderapi.yml
		kubernetes\productapi.yml = kubernetes\productapi.yml
		kubernetes\rabbitmq.yml = kubernetes\rabbitmq.yml
	EndProjectSection
EndProject
Project("{FAE04EC0-301F-11D3-BF4B-00C04F79EFBC}") = "ApiGateway", "ApiGateway\ApiGateway.csproj", "{D328E4B9-9D61-4F0F-B1CF-733951C96723}"
EndProject
Global
	GlobalSection(SolutionConfigurationPlatforms) = preSolution
		Debug|Any CPU = Debug|Any CPU
		Release|Any CPU = Release|Any CPU
	EndGlobalSection
	GlobalSection(ProjectConfigurationPlatforms) = postSolution
		{1AB07F84-B486-4705-9F0B-425D2EE530E8}.Debug|Any CPU.ActiveCfg = Debug|Any CPU
		{1AB07F84-B486-4705-9F0B-425D2EE530E8}.Debug|Any CPU.Build.0 = Debug|Any CPU
		{1AB07F84-B486-4705-9F0B-425D2EE530E8}.Release|Any CPU.ActiveCfg = Release|Any CPU
		{1AB07F84-B486-4705-9F0B-425D2EE530E8}.Release|Any CPU.Build.0 = Release|Any CPU
		{559DB926-84A6-4388-A849-138C85B00412}.Debug|Any CPU.ActiveCfg = Debug|Any CPU
		{559DB926-84A6-4388-A849-138C85B00412}.Debug|Any CPU.Build.0 = Debug|Any CPU
		{559DB926-84A6-4388-A849-138C85B00412}.Release|Any CPU.ActiveCfg = Release|Any CPU
		{559DB926-84A6-4388-A849-138C85B00412}.Release|Any CPU.Build.0 = Release|Any CPU
		{ED48C062-F327-42CB-9F74-DD59EB01FE54}.Debug|Any CPU.ActiveCfg = Debug|Any CPU
		{ED48C062-F327-42CB-9F74-DD59EB01FE54}.Debug|Any CPU.Build.0 = Debug|Any CPU
		{ED48C062-F327-42CB-9F74-DD59EB01FE54}.Release|Any CPU.ActiveCfg = Release|Any CPU
		{ED48C062-F327-42CB-9F74-DD59EB01FE54}.Release|Any CPU.Build.0 = Release|Any CPU
		{218F617D-B040-4527-BDC1-254B68CE17D4}.Debug|Any CPU.ActiveCfg = Debug|Any CPU
		{218F617D-B040-4527-BDC1-254B68CE17D4}.Debug|Any CPU.Build.0 = Debug|Any CPU
		{218F617D-B040-4527-BDC1-254B68CE17D4}.Release|Any CPU.ActiveCfg = Release|Any CPU
		{218F617D-B040-4527-BDC1-254B68CE17D4}.Release|Any CPU.Build.0 = Release|Any CPU
		{913FAC46-6411-43DA-9420-4D7E3D76E1FC}.Debug|Any CPU.ActiveCfg = Debug|Any CPU
		{913FAC46-6411-43DA-9420-4D7E3D76E1FC}.Debug|Any CPU.Build.0 = Debug|Any CPU
		{913FAC46-6411-43DA-9420-4D7E3D76E1FC}.Release|Any CPU.ActiveCfg = Release|Any CPU
		{913FAC46-6411-43DA-9420-4D7E3D76E1FC}.Release|Any CPU.Build.0 = Release|Any CPU
		{D328E4B9-9D61-4F0F-B1CF-733951C96723}.Debug|Any CPU.ActiveCfg = Debug|Any CPU
		{D328E4B9-9D61-4F0F-B1CF-733951C96723}.Debug|Any CPU.Build.0 = Debug|Any CPU
		{D328E4B9-9D61-4F0F-B1CF-733951C96723}.Release|Any CPU.ActiveCfg = Release|Any CPU
		{D328E4B9-9D61-4F0F-B1CF-733951C96723}.Release|Any CPU.Build.0 = Release|Any CPU
	EndGlobalSection
	GlobalSection(SolutionProperties) = preSolution
		HideSolutionNode = FALSE
	EndGlobalSection
	GlobalSection(ExtensibilityGlobals) = postSolution
		SolutionGuid = {6AF32774-936F-4BA6-8267-AA611F5D73E7}
	EndGlobalSection
EndGlobal
